// !$*UTF8*$!
{
	archiveVersion = 1;
	classes = {
	};
	objectVersion = 46;
	objects = {

/* Begin PBXBuildFile section */
		3F9194BA1DF794E6009E2D83 /* AppDelegate.swift in Sources */ = {isa = PBXBuildFile; fileRef = 3F9194B91DF794E6009E2D83 /* AppDelegate.swift */; };
		3F9194C11DF794E8009E2D83 /* Main.storyboard in Resources */ = {isa = PBXBuildFile; fileRef = 3F9194BF1DF794E8009E2D83 /* Main.storyboard */; };
		3F9194C31DF794F2009E2D83 /* Assets.xcassets in Resources */ = {isa = PBXBuildFile; fileRef = 3F9194C21DF794F2009E2D83 /* Assets.xcassets */; };
		3F9194C61DF794F4009E2D83 /* LaunchScreen.storyboard in Resources */ = {isa = PBXBuildFile; fileRef = 3F9194C41DF794F4009E2D83 /* LaunchScreen.storyboard */; };
		F611FFA61DFCD58F005EF388 /* not-submitted.png in Resources */ = {isa = PBXBuildFile; fileRef = F611FFA51DFCD58F005EF388 /* not-submitted.png */; };
		F625780E1DFD3BDE00B79ABA /* ProfileController.swift in Sources */ = {isa = PBXBuildFile; fileRef = F625780D1DFD3BDE00B79ABA /* ProfileController.swift */; };
		F63A4A471DFB54BE0090D25D /* MapViewController.swift in Sources */ = {isa = PBXBuildFile; fileRef = F63A4A461DFB54BE0090D25D /* MapViewController.swift */; };
		F63A4A4A1DFB555F0090D25D /* MkMapViewDelegate.swift in Sources */ = {isa = PBXBuildFile; fileRef = F63A4A491DFB555F0090D25D /* MkMapViewDelegate.swift */; };
		F63A4A4D1DFB55880090D25D /* CoreLocation.framework in Frameworks */ = {isa = PBXBuildFile; fileRef = F63A4A4C1DFB55880090D25D /* CoreLocation.framework */; };
		F63A4A4F1DFB55910090D25D /* MapKit.framework in Frameworks */ = {isa = PBXBuildFile; fileRef = F63A4A4E1DFB55910090D25D /* MapKit.framework */; };
		F63A4A511DFB5A820090D25D /* Task.swift in Sources */ = {isa = PBXBuildFile; fileRef = F63A4A501DFB5A820090D25D /* Task.swift */; };
		F63A4A531DFB5A940090D25D /* Tasks.swift in Sources */ = {isa = PBXBuildFile; fileRef = F63A4A521DFB5A940090D25D /* Tasks.swift */; };
		F63A4A591DFB6E8E0090D25D /* tasks.plist in Resources */ = {isa = PBXBuildFile; fileRef = F63A4A581DFB6E8E0090D25D /* tasks.plist */; };
		F63A4A5B1DFBC0DB0090D25D /* CLLocationManagerDelegate.swift in Sources */ = {isa = PBXBuildFile; fileRef = F63A4A5A1DFBC0DB0090D25D /* CLLocationManagerDelegate.swift */; };
		F6587AC11DFD45FA00579981 /* ImageViewExtension.swift in Sources */ = {isa = PBXBuildFile; fileRef = F6587AC01DFD45FA00579981 /* ImageViewExtension.swift */; };
		F6587AC41DFD4E9800579981 /* LeaderboardViewController.swift in Sources */ = {isa = PBXBuildFile; fileRef = F6587AC31DFD4E9800579981 /* LeaderboardViewController.swift */; };
		F6587AC61DFD4F4C00579981 /* CustomLeaderboardCell.swift in Sources */ = {isa = PBXBuildFile; fileRef = F6587AC51DFD4F4C00579981 /* CustomLeaderboardCell.swift */; };
		F6587AC81DFD50B200579981 /* TaskDetailExtension.swift in Sources */ = {isa = PBXBuildFile; fileRef = F6587AC71DFD50B200579981 /* TaskDetailExtension.swift */; };
		F6587ACA1DFD563100579981 /* ProfileVCExtension.swift in Sources */ = {isa = PBXBuildFile; fileRef = F6587AC91DFD563100579981 /* ProfileVCExtension.swift */; };
		F6587ACC1DFDF83F00579981 /* TutorialPageViewController.swift in Sources */ = {isa = PBXBuildFile; fileRef = F6587ACB1DFDF83F00579981 /* TutorialPageViewController.swift */; };
		F6587AD41DFDFAE000579981 /* TutorialPageExtension.swift in Sources */ = {isa = PBXBuildFile; fileRef = F6587AD31DFDFAE000579981 /* TutorialPageExtension.swift */; };
		F6587AD61DFE045E00579981 /* PhotoSubmissionViewController.swift in Sources */ = {isa = PBXBuildFile; fileRef = F6587AD51DFE045E00579981 /* PhotoSubmissionViewController.swift */; };
		F6587AD81DFE0B8500579981 /* TutorialPageViewControllerDelegate.swift in Sources */ = {isa = PBXBuildFile; fileRef = F6587AD71DFE0B8500579981 /* TutorialPageViewControllerDelegate.swift */; };
		F6587ADB1DFE0C2E00579981 /* TutorialPageControlExtension.swift in Sources */ = {isa = PBXBuildFile; fileRef = F6587ADA1DFE0C2E00579981 /* TutorialPageControlExtension.swift */; };
		F6587ADD1DFE0CA800579981 /* TutorialViewController.swift in Sources */ = {isa = PBXBuildFile; fileRef = F6587ADC1DFE0CA800579981 /* TutorialViewController.swift */; };
		F6B7592B1DFA7E0D00D2473C /* LoginViewController.swift in Sources */ = {isa = PBXBuildFile; fileRef = F6B7592A1DFA7E0D00D2473C /* LoginViewController.swift */; };
		F6B7592D1DFA7F7A00D2473C /* UIViewControllerExtension.swift in Sources */ = {isa = PBXBuildFile; fileRef = F6B7592C1DFA7F7A00D2473C /* UIViewControllerExtension.swift */; };
		F6B7592F1DFA80F600D2473C /* SignUpViewController.swift in Sources */ = {isa = PBXBuildFile; fileRef = F6B7592E1DFA80F600D2473C /* SignUpViewController.swift */; };
		F6B759341DFA8B9A00D2473C /* tiger-marker.png in Resources */ = {isa = PBXBuildFile; fileRef = F6B759331DFA8B9A00D2473C /* tiger-marker.png */; };
		F6B759361DFB31B900D2473C /* Login.storyboard in Resources */ = {isa = PBXBuildFile; fileRef = F6B759351DFB31B900D2473C /* Login.storyboard */; };
		F6B759381DFB38AF00D2473C /* User.swift in Sources */ = {isa = PBXBuildFile; fileRef = F6B759371DFB38AF00D2473C /* User.swift */; };
		F6F91C521DFBD45E00FB8F3A /* TaskTableViewController.swift in Sources */ = {isa = PBXBuildFile; fileRef = F6F91C511DFBD45E00FB8F3A /* TaskTableViewController.swift */; };
		F6F91C541DFC66D800FB8F3A /* TableViewExtension.swift in Sources */ = {isa = PBXBuildFile; fileRef = F6F91C531DFC66D800FB8F3A /* TableViewExtension.swift */; };
		F6F91C561DFC6EA900FB8F3A /* CustomTableViewCell.swift in Sources */ = {isa = PBXBuildFile; fileRef = F6F91C551DFC6EA900FB8F3A /* CustomTableViewCell.swift */; };
		F6F91C581DFC9F3500FB8F3A /* TaskDetailViewController.swift in Sources */ = {isa = PBXBuildFile; fileRef = F6F91C571DFC9F3500FB8F3A /* TaskDetailViewController.swift */; };
/* End PBXBuildFile section */

/* Begin PBXFileReference section */
		3F9194B61DF794E4009E2D83 /* Tiger Hunt.app */ = {isa = PBXFileReference; explicitFileType = wrapper.application; includeInIndex = 0; path = "Tiger Hunt.app"; sourceTree = BUILT_PRODUCTS_DIR; };
		3F9194B91DF794E6009E2D83 /* AppDelegate.swift */ = {isa = PBXFileReference; lastKnownFileType = sourcecode.swift; path = AppDelegate.swift; sourceTree = "<group>"; };
		3F9194C01DF794E8009E2D83 /* Base */ = {isa = PBXFileReference; lastKnownFileType = file.storyboard; name = Base; path = Base.lproj/Main.storyboard; sourceTree = "<group>"; };
		3F9194C21DF794F2009E2D83 /* Assets.xcassets */ = {isa = PBXFileReference; lastKnownFileType = folder.assetcatalog; path = Assets.xcassets; sourceTree = "<group>"; };
		3F9194C51DF794F4009E2D83 /* Base */ = {isa = PBXFileReference; lastKnownFileType = file.storyboard; name = Base; path = Base.lproj/LaunchScreen.storyboard; sourceTree = "<group>"; };
		3F9194C71DF794F7009E2D83 /* Info.plist */ = {isa = PBXFileReference; lastKnownFileType = text.plist.xml; path = Info.plist; sourceTree = "<group>"; };
		F611FFA51DFCD58F005EF388 /* not-submitted.png */ = {isa = PBXFileReference; lastKnownFileType = image.png; name = "not-submitted.png"; path = "View/icons/not-submitted.png"; sourceTree = "<group>"; };
		F625780D1DFD3BDE00B79ABA /* ProfileController.swift */ = {isa = PBXFileReference; fileEncoding = 4; lastKnownFileType = sourcecode.swift; name = ProfileController.swift; path = Controller/ProfileController.swift; sourceTree = "<group>"; };
		F63A4A461DFB54BE0090D25D /* MapViewController.swift */ = {isa = PBXFileReference; fileEncoding = 4; lastKnownFileType = sourcecode.swift; name = MapViewController.swift; path = Controller/MapViewController.swift; sourceTree = "<group>"; };
		F63A4A491DFB555F0090D25D /* MkMapViewDelegate.swift */ = {isa = PBXFileReference; fileEncoding = 4; lastKnownFileType = sourcecode.swift; path = MkMapViewDelegate.swift; sourceTree = "<group>"; };
		F63A4A4C1DFB55880090D25D /* CoreLocation.framework */ = {isa = PBXFileReference; lastKnownFileType = wrapper.framework; name = CoreLocation.framework; path = System/Library/Frameworks/CoreLocation.framework; sourceTree = SDKROOT; };
		F63A4A4E1DFB55910090D25D /* MapKit.framework */ = {isa = PBXFileReference; lastKnownFileType = wrapper.framework; name = MapKit.framework; path = System/Library/Frameworks/MapKit.framework; sourceTree = SDKROOT; };
		F63A4A501DFB5A820090D25D /* Task.swift */ = {isa = PBXFileReference; fileEncoding = 4; lastKnownFileType = sourcecode.swift; name = Task.swift; path = Model/Task.swift; sourceTree = "<group>"; };
		F63A4A521DFB5A940090D25D /* Tasks.swift */ = {isa = PBXFileReference; fileEncoding = 4; lastKnownFileType = sourcecode.swift; name = Tasks.swift; path = Model/Tasks.swift; sourceTree = "<group>"; };
		F63A4A581DFB6E8E0090D25D /* tasks.plist */ = {isa = PBXFileReference; fileEncoding = 4; lastKnownFileType = text.plist.xml; name = tasks.plist; path = Model/tasks.plist; sourceTree = "<group>"; };
		F63A4A5A1DFBC0DB0090D25D /* CLLocationManagerDelegate.swift */ = {isa = PBXFileReference; fileEncoding = 4; lastKnownFileType = sourcecode.swift; name = CLLocationManagerDelegate.swift; path = Controller/CLLocationManagerDelegate.swift; sourceTree = "<group>"; };
		F6587AC01DFD45FA00579981 /* ImageViewExtension.swift */ = {isa = PBXFileReference; fileEncoding = 4; lastKnownFileType = sourcecode.swift; name = ImageViewExtension.swift; path = View/ImageViewExtension.swift; sourceTree = "<group>"; };
		F6587AC31DFD4E9800579981 /* LeaderboardViewController.swift */ = {isa = PBXFileReference; fileEncoding = 4; lastKnownFileType = sourcecode.swift; path = LeaderboardViewController.swift; sourceTree = "<group>"; };
		F6587AC51DFD4F4C00579981 /* CustomLeaderboardCell.swift */ = {isa = PBXFileReference; fileEncoding = 4; lastKnownFileType = sourcecode.swift; name = CustomLeaderboardCell.swift; path = View/CustomLeaderboardCell.swift; sourceTree = "<group>"; };
		F6587AC71DFD50B200579981 /* TaskDetailExtension.swift */ = {isa = PBXFileReference; fileEncoding = 4; lastKnownFileType = sourcecode.swift; path = TaskDetailExtension.swift; sourceTree = "<group>"; };
		F6587AC91DFD563100579981 /* ProfileVCExtension.swift */ = {isa = PBXFileReference; fileEncoding = 4; lastKnownFileType = sourcecode.swift; name = ProfileVCExtension.swift; path = Controller/ProfileVCExtension.swift; sourceTree = "<group>"; };
		F6587ACB1DFDF83F00579981 /* TutorialPageViewController.swift */ = {isa = PBXFileReference; fileEncoding = 4; lastKnownFileType = sourcecode.swift; name = TutorialPageViewController.swift; path = Controller/TutorialPageViewController.swift; sourceTree = "<group>"; };
		F6587AD31DFDFAE000579981 /* TutorialPageExtension.swift */ = {isa = PBXFileReference; fileEncoding = 4; lastKnownFileType = sourcecode.swift; path = TutorialPageExtension.swift; sourceTree = "<group>"; };
		F6587AD51DFE045E00579981 /* PhotoSubmissionViewController.swift */ = {isa = PBXFileReference; fileEncoding = 4; lastKnownFileType = sourcecode.swift; name = PhotoSubmissionViewController.swift; path = Controller/PhotoSubmissionViewController.swift; sourceTree = "<group>"; };
		F6587AD71DFE0B8500579981 /* TutorialPageViewControllerDelegate.swift */ = {isa = PBXFileReference; fileEncoding = 4; lastKnownFileType = sourcecode.swift; name = TutorialPageViewControllerDelegate.swift; path = Controller/TutorialPageViewControllerDelegate.swift; sourceTree = "<group>"; };
		F6587ADA1DFE0C2E00579981 /* TutorialPageControlExtension.swift */ = {isa = PBXFileReference; fileEncoding = 4; lastKnownFileType = sourcecode.swift; path = TutorialPageControlExtension.swift; sourceTree = "<group>"; };
		F6587ADC1DFE0CA800579981 /* TutorialViewController.swift */ = {isa = PBXFileReference; fileEncoding = 4; lastKnownFileType = sourcecode.swift; name = TutorialViewController.swift; path = Controller/TutorialViewController.swift; sourceTree = "<group>"; };
		F6B7592A1DFA7E0D00D2473C /* LoginViewController.swift */ = {isa = PBXFileReference; fileEncoding = 4; lastKnownFileType = sourcecode.swift; name = LoginViewController.swift; path = Controller/LoginViewController.swift; sourceTree = "<group>"; };
		F6B7592C1DFA7F7A00D2473C /* UIViewControllerExtension.swift */ = {isa = PBXFileReference; fileEncoding = 4; lastKnownFileType = sourcecode.swift; name = UIViewControllerExtension.swift; path = Controller/UIViewControllerExtension.swift; sourceTree = "<group>"; };
		F6B7592E1DFA80F600D2473C /* SignUpViewController.swift */ = {isa = PBXFileReference; fileEncoding = 4; lastKnownFileType = sourcecode.swift; name = SignUpViewController.swift; path = Controller/SignUpViewController.swift; sourceTree = "<group>"; };
		F6B759331DFA8B9A00D2473C /* tiger-marker.png */ = {isa = PBXFileReference; lastKnownFileType = image.png; name = "tiger-marker.png"; path = "View/icons/tiger-marker.png"; sourceTree = "<group>"; };
		F6B759351DFB31B900D2473C /* Login.storyboard */ = {isa = PBXFileReference; fileEncoding = 4; lastKnownFileType = file.storyboard; name = Login.storyboard; path = View/Login.storyboard; sourceTree = "<group>"; };
		F6B759371DFB38AF00D2473C /* User.swift */ = {isa = PBXFileReference; fileEncoding = 4; lastKnownFileType = sourcecode.swift; name = User.swift; path = Model/User.swift; sourceTree = "<group>"; };
		F6F91C511DFBD45E00FB8F3A /* TaskTableViewController.swift */ = {isa = PBXFileReference; fileEncoding = 4; lastKnownFileType = sourcecode.swift; name = TaskTableViewController.swift; path = Controller/TaskTableViewController.swift; sourceTree = "<group>"; };
		F6F91C531DFC66D800FB8F3A /* TableViewExtension.swift */ = {isa = PBXFileReference; fileEncoding = 4; lastKnownFileType = sourcecode.swift; path = TableViewExtension.swift; sourceTree = "<group>"; };
		F6F91C551DFC6EA900FB8F3A /* CustomTableViewCell.swift */ = {isa = PBXFileReference; fileEncoding = 4; lastKnownFileType = sourcecode.swift; name = CustomTableViewCell.swift; path = View/CustomTableViewCell.swift; sourceTree = "<group>"; };
		F6F91C571DFC9F3500FB8F3A /* TaskDetailViewController.swift */ = {isa = PBXFileReference; fileEncoding = 4; lastKnownFileType = sourcecode.swift; name = TaskDetailViewController.swift; path = Controller/TaskDetailViewController.swift; sourceTree = "<group>"; };
/* End PBXFileReference section */

/* Begin PBXFrameworksBuildPhase section */
		3F9194B31DF794E4009E2D83 /* Frameworks */ = {
			isa = PBXFrameworksBuildPhase;
			buildActionMask = 2147483647;
			files = (
				F63A4A4F1DFB55910090D25D /* MapKit.framework in Frameworks */,
				F63A4A4D1DFB55880090D25D /* CoreLocation.framework in Frameworks */,
			);
			runOnlyForDeploymentPostprocessing = 0;
		};
/* End PBXFrameworksBuildPhase section */

/* Begin PBXGroup section */
		3F9194AD1DF794E2009E2D83 = {
			isa = PBXGroup;
			children = (
				3F9194B81DF794E4009E2D83 /* Tiger Hunt */,
				3F9194B71DF794E4009E2D83 /* Products */,
				F63A4A4B1DFB55880090D25D /* Frameworks */,
			);
			sourceTree = "<group>";
		};
		3F9194B71DF794E4009E2D83 /* Products */ = {
			isa = PBXGroup;
			children = (
				3F9194B61DF794E4009E2D83 /* Tiger Hunt.app */,
			);
			name = Products;
			sourceTree = "<group>";
		};
		3F9194B81DF794E4009E2D83 /* Tiger Hunt */ = {
			isa = PBXGroup;
			children = (
				3F9194B91DF794E6009E2D83 /* AppDelegate.swift */,
				F6B759271DFA790100D2473C /* Model */,
				F6B759251DFA78A700D2473C /* ViewController */,
				F6B759261DFA78D900D2473C /* view */,
			);
			path = "Tiger Hunt";
			sourceTree = "<group>";
		};
		F611FFA91DFCF289005EF388 /* CustomViewCells */ = {
			isa = PBXGroup;
			children = (
				F6F91C551DFC6EA900FB8F3A /* CustomTableViewCell.swift */,
				F6587AC51DFD4F4C00579981 /* CustomLeaderboardCell.swift */,
			);
			name = CustomViewCells;
			sourceTree = "<group>";
		};
		F625780C1DFD3BBC00B79ABA /* Profile */ = {
			isa = PBXGroup;
			children = (
				F625780D1DFD3BDE00B79ABA /* ProfileController.swift */,
				F6587AC91DFD563100579981 /* ProfileVCExtension.swift */,
			);
			name = Profile;
			sourceTree = "<group>";
		};
		F63A4A481DFB54C30090D25D /* Map */ = {
			isa = PBXGroup;
			children = (
				F63A4A461DFB54BE0090D25D /* MapViewController.swift */,
				F63A4A491DFB555F0090D25D /* MkMapViewDelegate.swift */,
				F63A4A5A1DFBC0DB0090D25D /* CLLocationManagerDelegate.swift */,
			);
			name = Map;
			sourceTree = "<group>";
		};
		F63A4A4B1DFB55880090D25D /* Frameworks */ = {
			isa = PBXGroup;
			children = (
				F63A4A4E1DFB55910090D25D /* MapKit.framework */,
				F63A4A4C1DFB55880090D25D /* CoreLocation.framework */,
			);
			name = Frameworks;
			sourceTree = "<group>";
		};
		F6587AC21DFD4E7100579981 /* Leaderboard */ = {
			isa = PBXGroup;
			children = (
				F6587AC31DFD4E9800579981 /* LeaderboardViewController.swift */,
			);
			name = Leaderboard;
			sourceTree = "<group>";
		};
		F6587ACD1DFDF84300579981 /* Tutorial */ = {
			isa = PBXGroup;
			children = (
				F6587ADC1DFE0CA800579981 /* TutorialViewController.swift */,
				F6587ACB1DFDF83F00579981 /* TutorialPageViewController.swift */,
				F6587AD51DFE045E00579981 /* PhotoSubmissionViewController.swift */,
				F6587AD21DFDFAC800579981 /* Extensions */,
				F6587AD91DFE0BC300579981 /* Protocols */,
			);
			name = Tutorial;
			sourceTree = "<group>";
		};
		F6587AD01DFDFA5000579981 /* Extensions */ = {
			isa = PBXGroup;
			children = (
				F6587AC71DFD50B200579981 /* TaskDetailExtension.swift */,
				F6F91C531DFC66D800FB8F3A /* TableViewExtension.swift */,
			);
			name = Extensions;
			sourceTree = "<group>";
		};
		F6587AD11DFDFA6900579981 /* Extension */ = {
			isa = PBXGroup;
			children = (
				F6B7592C1DFA7F7A00D2473C /* UIViewControllerExtension.swift */,
			);
			name = Extension;
			sourceTree = "<group>";
		};
		F6587AD21DFDFAC800579981 /* Extensions */ = {
			isa = PBXGroup;
			children = (
				F6587AD31DFDFAE000579981 /* TutorialPageExtension.swift */,
				F6587ADA1DFE0C2E00579981 /* TutorialPageControlExtension.swift */,
			);
			name = Extensions;
			sourceTree = "<group>";
		};
		F6587AD91DFE0BC300579981 /* Protocols */ = {
			isa = PBXGroup;
			children = (
				F6587AD71DFE0B8500579981 /* TutorialPageViewControllerDelegate.swift */,
			);
			name = Protocols;
			sourceTree = "<group>";
		};
		F6B759251DFA78A700D2473C /* ViewController */ = {
			isa = PBXGroup;
			children = (
				F6B759291DFA7DB000D2473C /* Login */,
				F63A4A481DFB54C30090D25D /* Map */,
				F6F91C4F1DFBD41B00FB8F3A /* TaaskList */,
				F6587AC21DFD4E7100579981 /* Leaderboard */,
				F625780C1DFD3BBC00B79ABA /* Profile */,
				F6587AD11DFDFA6900579981 /* Extension */,
			);
			name = ViewController;
			sourceTree = "<group>";
		};
		F6B759261DFA78D900D2473C /* view */ = {
			isa = PBXGroup;
			children = (
				F611FFA91DFCF289005EF388 /* CustomViewCells */,
				F6B759301DFA8B0500D2473C /* icons */,
				3F9194BF1DF794E8009E2D83 /* Main.storyboard */,
				F6B759351DFB31B900D2473C /* Login.storyboard */,
				3F9194C21DF794F2009E2D83 /* Assets.xcassets */,
				3F9194C41DF794F4009E2D83 /* LaunchScreen.storyboard */,
				F6587AC01DFD45FA00579981 /* ImageViewExtension.swift */,
			);
			name = view;
			sourceTree = "<group>";
		};
		F6B759271DFA790100D2473C /* Model */ = {
			isa = PBXGroup;
			children = (
				F6B759281DFA791500D2473C /* data */,
				F6B759371DFB38AF00D2473C /* User.swift */,
				F63A4A501DFB5A820090D25D /* Task.swift */,
				F63A4A521DFB5A940090D25D /* Tasks.swift */,
			);
			name = Model;
			sourceTree = "<group>";
		};
		F6B759281DFA791500D2473C /* data */ = {
			isa = PBXGroup;
			children = (
				3F9194C71DF794F7009E2D83 /* Info.plist */,
				F63A4A581DFB6E8E0090D25D /* tasks.plist */,
			);
			name = data;
			sourceTree = "<group>";
		};
		F6B759291DFA7DB000D2473C /* Login */ = {
			isa = PBXGroup;
			children = (
				F6B7592A1DFA7E0D00D2473C /* LoginViewController.swift */,
				F6B7592E1DFA80F600D2473C /* SignUpViewController.swift */,
				F6587ACD1DFDF84300579981 /* Tutorial */,
			);
			name = Login;
			sourceTree = "<group>";
		};
		F6B759301DFA8B0500D2473C /* icons */ = {
			isa = PBXGroup;
			children = (
				F611FFA51DFCD58F005EF388 /* not-submitted.png */,
				F6B759331DFA8B9A00D2473C /* tiger-marker.png */,
			);
			name = icons;
			sourceTree = "<group>";
		};
		F6F91C4F1DFBD41B00FB8F3A /* TaaskList */ = {
			isa = PBXGroup;
			children = (
				F6F91C511DFBD45E00FB8F3A /* TaskTableViewController.swift */,
				F6F91C571DFC9F3500FB8F3A /* TaskDetailViewController.swift */,
				F6587AD01DFDFA5000579981 /* Extensions */,
			);
			name = TaaskList;
			sourceTree = "<group>";
		};
/* End PBXGroup section */

/* Begin PBXNativeTarget section */
		3F9194B51DF794E4009E2D83 /* Tiger Hunt */ = {
			isa = PBXNativeTarget;
			buildConfigurationList = 3F9194CA1DF794F7009E2D83 /* Build configuration list for PBXNativeTarget "Tiger Hunt" */;
			buildPhases = (
				3F9194B21DF794E4009E2D83 /* Sources */,
				3F9194B31DF794E4009E2D83 /* Frameworks */,
				3F9194B41DF794E4009E2D83 /* Resources */,
			);
			buildRules = (
			);
			dependencies = (
			);
			name = "Tiger Hunt";
			productName = "Tiger Hunt";
			productReference = 3F9194B61DF794E4009E2D83 /* Tiger Hunt.app */;
			productType = "com.apple.product-type.application";
		};
/* End PBXNativeTarget section */

/* Begin PBXProject section */
		3F9194AE1DF794E3009E2D83 /* Project object */ = {
			isa = PBXProject;
			attributes = {
				LastSwiftUpdateCheck = 0800;
				LastUpgradeCheck = 0800;
				ORGANIZATIONNAME = Julianna_Gabler;
				TargetAttributes = {
					3F9194B51DF794E4009E2D83 = {
						CreatedOnToolsVersion = 8.0;
						ProvisioningStyle = Automatic;
					};
				};
			};
			buildConfigurationList = 3F9194B11DF794E3009E2D83 /* Build configuration list for PBXProject "Tiger Hunt" */;
			compatibilityVersion = "Xcode 3.2";
			developmentRegion = English;
			hasScannedForEncodings = 0;
			knownRegions = (
				en,
				Base,
			);
			mainGroup = 3F9194AD1DF794E2009E2D83;
			productRefGroup = 3F9194B71DF794E4009E2D83 /* Products */;
			projectDirPath = "";
			projectRoot = "";
			targets = (
				3F9194B51DF794E4009E2D83 /* Tiger Hunt */,
			);
		};
/* End PBXProject section */

/* Begin PBXResourcesBuildPhase section */
		3F9194B41DF794E4009E2D83 /* Resources */ = {
			isa = PBXResourcesBuildPhase;
			buildActionMask = 2147483647;
			files = (
				3F9194C61DF794F4009E2D83 /* LaunchScreen.storyboard in Resources */,
				F6B759341DFA8B9A00D2473C /* tiger-marker.png in Resources */,
				3F9194C31DF794F2009E2D83 /* Assets.xcassets in Resources */,
				F6B759361DFB31B900D2473C /* Login.storyboard in Resources */,
				3F9194C11DF794E8009E2D83 /* Main.storyboard in Resources */,
				F63A4A591DFB6E8E0090D25D /* tasks.plist in Resources */,
				F611FFA61DFCD58F005EF388 /* not-submitted.png in Resources */,
			);
			runOnlyForDeploymentPostprocessing = 0;
		};
/* End PBXResourcesBuildPhase section */

/* Begin PBXSourcesBuildPhase section */
		3F9194B21DF794E4009E2D83 /* Sources */ = {
			isa = PBXSourcesBuildPhase;
			buildActionMask = 2147483647;
			files = (
				F6F91C581DFC9F3500FB8F3A /* TaskDetailViewController.swift in Sources */,
				F63A4A5B1DFBC0DB0090D25D /* CLLocationManagerDelegate.swift in Sources */,
				F6587ACC1DFDF83F00579981 /* TutorialPageViewController.swift in Sources */,
				F6587ACA1DFD563100579981 /* ProfileVCExtension.swift in Sources */,
				F6B7592F1DFA80F600D2473C /* SignUpViewController.swift in Sources */,
				F6587AD41DFDFAE000579981 /* TutorialPageExtension.swift in Sources */,
				F6587ADD1DFE0CA800579981 /* TutorialViewController.swift in Sources */,
				F6B7592B1DFA7E0D00D2473C /* LoginViewController.swift in Sources */,
				F6587ADB1DFE0C2E00579981 /* TutorialPageControlExtension.swift in Sources */,
				F6F91C541DFC66D800FB8F3A /* TableViewExtension.swift in Sources */,
				F625780E1DFD3BDE00B79ABA /* ProfileController.swift in Sources */,
				F63A4A511DFB5A820090D25D /* Task.swift in Sources */,
				F6F91C561DFC6EA900FB8F3A /* CustomTableViewCell.swift in Sources */,
				F6587AC81DFD50B200579981 /* TaskDetailExtension.swift in Sources */,
				F6F91C521DFBD45E00FB8F3A /* TaskTableViewController.swift in Sources */,
				F6B7592D1DFA7F7A00D2473C /* UIViewControllerExtension.swift in Sources */,
				F6587AC61DFD4F4C00579981 /* CustomLeaderboardCell.swift in Sources */,
				3F9194BA1DF794E6009E2D83 /* AppDelegate.swift in Sources */,
				F6587AC41DFD4E9800579981 /* LeaderboardViewController.swift in Sources */,
				F63A4A531DFB5A940090D25D /* Tasks.swift in Sources */,
				F63A4A4A1DFB555F0090D25D /* MkMapViewDelegate.swift in Sources */,
				F6587AD61DFE045E00579981 /* PhotoSubmissionViewController.swift in Sources */,
				F6B759381DFB38AF00D2473C /* User.swift in Sources */,
				F6587AC11DFD45FA00579981 /* ImageViewExtension.swift in Sources */,
				F6587AD81DFE0B8500579981 /* TutorialPageViewControllerDelegate.swift in Sources */,
				F63A4A471DFB54BE0090D25D /* MapViewController.swift in Sources */,
			);
			runOnlyForDeploymentPostprocessing = 0;
		};
/* End PBXSourcesBuildPhase section */

/* Begin PBXVariantGroup section */
		3F9194BF1DF794E8009E2D83 /* Main.storyboard */ = {
			isa = PBXVariantGroup;
			children = (
				3F9194C01DF794E8009E2D83 /* Base */,
			);
			name = Main.storyboard;
			sourceTree = "<group>";
		};
		3F9194C41DF794F4009E2D83 /* LaunchScreen.storyboard */ = {
			isa = PBXVariantGroup;
			children = (
				3F9194C51DF794F4009E2D83 /* Base */,
			);
			name = LaunchScreen.storyboard;
			sourceTree = "<group>";
		};
/* End PBXVariantGroup section */

/* Begin XCBuildConfiguration section */
		3F9194C81DF794F7009E2D83 /* Debug */ = {
			isa = XCBuildConfiguration;
			buildSettings = {
				ALWAYS_SEARCH_USER_PATHS = NO;
				CLANG_ANALYZER_NONNULL = YES;
				CLANG_CXX_LANGUAGE_STANDARD = "gnu++0x";
				CLANG_CXX_LIBRARY = "libc++";
				CLANG_ENABLE_MODULES = YES;
				CLANG_ENABLE_OBJC_ARC = YES;
				CLANG_WARN_BOOL_CONVERSION = YES;
				CLANG_WARN_CONSTANT_CONVERSION = YES;
				CLANG_WARN_DIRECT_OBJC_ISA_USAGE = YES_ERROR;
				CLANG_WARN_DOCUMENTATION_COMMENTS = YES;
				CLANG_WARN_EMPTY_BODY = YES;
				CLANG_WARN_ENUM_CONVERSION = YES;
				CLANG_WARN_INFINITE_RECURSION = YES;
				CLANG_WARN_INT_CONVERSION = YES;
				CLANG_WARN_OBJC_ROOT_CLASS = YES_ERROR;
				CLANG_WARN_SUSPICIOUS_MOVES = YES;
				CLANG_WARN_UNREACHABLE_CODE = YES;
				CLANG_WARN__DUPLICATE_METHOD_MATCH = YES;
				"CODE_SIGN_IDENTITY[sdk=iphoneos*]" = "iPhone Developer";
				COPY_PHASE_STRIP = NO;
				DEBUG_INFORMATION_FORMAT = dwarf;
				ENABLE_STRICT_OBJC_MSGSEND = YES;
				ENABLE_TESTABILITY = YES;
				GCC_C_LANGUAGE_STANDARD = gnu99;
				GCC_DYNAMIC_NO_PIC = NO;
				GCC_NO_COMMON_BLOCKS = YES;
				GCC_OPTIMIZATION_LEVEL = 0;
				GCC_PREPROCESSOR_DEFINITIONS = (
					"DEBUG=1",
					"$(inherited)",
				);
				GCC_WARN_64_TO_32_BIT_CONVERSION = YES;
				GCC_WARN_ABOUT_RETURN_TYPE = YES_ERROR;
				GCC_WARN_UNDECLARED_SELECTOR = YES;
				GCC_WARN_UNINITIALIZED_AUTOS = YES_AGGRESSIVE;
				GCC_WARN_UNUSED_FUNCTION = YES;
				GCC_WARN_UNUSED_VARIABLE = YES;
				IPHONEOS_DEPLOYMENT_TARGET = 10.0;
				MTL_ENABLE_DEBUG_INFO = YES;
				ONLY_ACTIVE_ARCH = YES;
				SDKROOT = iphoneos;
				SWIFT_ACTIVE_COMPILATION_CONDITIONS = DEBUG;
				SWIFT_OPTIMIZATION_LEVEL = "-Onone";
			};
			name = Debug;
		};
		3F9194C91DF794F7009E2D83 /* Release */ = {
			isa = XCBuildConfiguration;
			buildSettings = {
				ALWAYS_SEARCH_USER_PATHS = NO;
				CLANG_ANALYZER_NONNULL = YES;
				CLANG_CXX_LANGUAGE_STANDARD = "gnu++0x";
				CLANG_CXX_LIBRARY = "libc++";
				CLANG_ENABLE_MODULES = YES;
				CLANG_ENABLE_OBJC_ARC = YES;
				CLANG_WARN_BOOL_CONVERSION = YES;
				CLANG_WARN_CONSTANT_CONVERSION = YES;
				CLANG_WARN_DIRECT_OBJC_ISA_USAGE = YES_ERROR;
				CLANG_WARN_DOCUMENTATION_COMMENTS = YES;
				CLANG_WARN_EMPTY_BODY = YES;
				CLANG_WARN_ENUM_CONVERSION = YES;
				CLANG_WARN_INFINITE_RECURSION = YES;
				CLANG_WARN_INT_CONVERSION = YES;
				CLANG_WARN_OBJC_ROOT_CLASS = YES_ERROR;
				CLANG_WARN_SUSPICIOUS_MOVES = YES;
				CLANG_WARN_UNREACHABLE_CODE = YES;
				CLANG_WARN__DUPLICATE_METHOD_MATCH = YES;
				"CODE_SIGN_IDENTITY[sdk=iphoneos*]" = "iPhone Developer";
				COPY_PHASE_STRIP = NO;
				DEBUG_INFORMATION_FORMAT = "dwarf-with-dsym";
				ENABLE_NS_ASSERTIONS = NO;
				ENABLE_STRICT_OBJC_MSGSEND = YES;
				GCC_C_LANGUAGE_STANDARD = gnu99;
				GCC_NO_COMMON_BLOCKS = YES;
				GCC_WARN_64_TO_32_BIT_CONVERSION = YES;
				GCC_WARN_ABOUT_RETURN_TYPE = YES_ERROR;
				GCC_WARN_UNDECLARED_SELECTOR = YES;
				GCC_WARN_UNINITIALIZED_AUTOS = YES_AGGRESSIVE;
				GCC_WARN_UNUSED_FUNCTION = YES;
				GCC_WARN_UNUSED_VARIABLE = YES;
				IPHONEOS_DEPLOYMENT_TARGET = 10.0;
				MTL_ENABLE_DEBUG_INFO = NO;
				SDKROOT = iphoneos;
				SWIFT_OPTIMIZATION_LEVEL = "-Owholemodule";
				VALIDATE_PRODUCT = YES;
			};
			name = Release;
		};
		3F9194CB1DF794F7009E2D83 /* Debug */ = {
			isa = XCBuildConfiguration;
			buildSettings = {
				ASSETCATALOG_COMPILER_APPICON_NAME = AppIcon;
				INFOPLIST_FILE = "Tiger Hunt/Info.plist";
				LD_RUNPATH_SEARCH_PATHS = "$(inherited) @executable_path/Frameworks";
				PRODUCT_BUNDLE_IDENTIFIER = "com.gabler.julianna.Tiger-Hunt";
				PRODUCT_NAME = "$(TARGET_NAME)";
				SWIFT_VERSION = 3.0;
			};
			name = Debug;
		};
		3F9194CC1DF794F7009E2D83 /* Release */ = {
			isa = XCBuildConfiguration;
			buildSettings = {
				ASSETCATALOG_COMPILER_APPICON_NAME = AppIcon;
				INFOPLIST_FILE = "Tiger Hunt/Info.plist";
				LD_RUNPATH_SEARCH_PATHS = "$(inherited) @executable_path/Frameworks";
				PRODUCT_BUNDLE_IDENTIFIER = "com.gabler.julianna.Tiger-Hunt";
				PRODUCT_NAME = "$(TARGET_NAME)";
				SWIFT_VERSION = 3.0;
			};
			name = Release;
		};
/* End XCBuildConfiguration section */

/* Begin XCConfigurationList section */
		3F9194B11DF794E3009E2D83 /* Build configuration list for PBXProject "Tiger Hunt" */ = {
			isa = XCConfigurationList;
			buildConfigurations = (
				3F9194C81DF794F7009E2D83 /* Debug */,
				3F9194C91DF794F7009E2D83 /* Release */,
			);
			defaultConfigurationIsVisible = 0;
			defaultConfigurationName = Release;
		};
		3F9194CA1DF794F7009E2D83 /* Build configuration list for PBXNativeTarget "Tiger Hunt" */ = {
			isa = XCConfigurationList;
			buildConfigurations = (
				3F9194CB1DF794F7009E2D83 /* Debug */,
				3F9194CC1DF794F7009E2D83 /* Release */,
			);
			defaultConfigurationIsVisible = 0;
			defaultConfigurationName = Release;
		};
/* End XCConfigurationList section */
	};
	rootObject = 3F9194AE1DF794E3009E2D83 /* Project object */;
}
